{"SurveyEntry":{"SurveyID":"SV_ctNAPpWVEvJGyyg","SurveyName":"IAT","SurveyDescription":null,"SurveyOwnerID":"UR_9TTOKa8e04n9L9O","SurveyBrandID":"harvard","DivisionID":null,"SurveyLanguage":"EN","SurveyActiveResponseSet":"RS_dd2bCN6mw6KAYRK","SurveyStatus":"Inactive","SurveyStartDate":"0000-00-00 00:00:00","SurveyExpirationDate":"0000-00-00 00:00:00","SurveyCreationDate":"2012-03-26 14:27:56","CreatorID":"UR_9TTOKa8e04n9L9O","LastModified":"2013-01-21 16:58:23","LastAccessed":"0000-00-00 00:00:00","LastActivated":"0000-00-00 00:00:00","Deleted":null},"SurveyElements":[{"SurveyID":"SV_ctNAPpWVEvJGyyg","Element":"BL","PrimaryAttribute":"Survey Blocks","SecondaryAttribute":null,"TertiaryAttribute":null,"Payload":{"1":{"Type":"Trash","Description":"Trash \/ Unused Questions","ID":"BL_2gzl0NAE3k4ilb6","BlockElements":[]},"3":{"Type":"Standard","Description":"Block","ID":"BL_8of7TKbkJ2qByVC","BlockElements":[{"Type":"Question","QuestionID":"QID6"},{"Type":"Question","QuestionID":"QID8"},{"Type":"Question","QuestionID":"QID9"},{"Type":"Question","QuestionID":"QID11"},{"Type":"Question","QuestionID":"QID12"},{"Type":"Question","QuestionID":"QID13"},{"Type":"Question","QuestionID":"QID14"}],"Options":{"BlockLocking":"false","RandomizeQuestions":"Advanced","Randomization":{"Advanced":{"FixedOrder":["QID6","QID8","QID9","QID11","QID12","QID13","QID14"],"RandomizeAll":[],"RandomSubSet":[],"Undisplayed":[],"TotalRandSubset":0,"QuestionsPerPage":"1"},"EvenPresentation":false}}}}},{"SurveyID":"SV_ctNAPpWVEvJGyyg","Element":"FL","PrimaryAttribute":"Survey Flow","SecondaryAttribute":null,"TertiaryAttribute":null,"Payload":{"Type":"Root","FlowID":"FL_1","Flow":[{"Type":"Standard","ID":"BL_8of7TKbkJ2qByVC","FlowID":"FL_4"}],"Properties":{"Count":4}}},{"SurveyID":"SV_ctNAPpWVEvJGyyg","Element":"SO","PrimaryAttribute":"Survey Options","SecondaryAttribute":null,"TertiaryAttribute":null,"Payload":{"BackButton":"false","SaveAndContinue":"true","SurveyProtection":"PublicSurvey","BallotBoxStuffingPrevention":"false","OneCompletePerIP":"false","SurveyExpiration":"None","SurveyTermination":"DefaultMessage","Header":"","Footer":"","ProgressBarDisplay":"None","PartialData":"+1 week","ValidationMessage":"","PreviousButton":"  <<  ","NextButton":"  >>  ","SkinLibrary":"Qualtrics","SkinType":"MQ","Skin":"Business","SkinQuestionWidth":700,"SurveyCreationDate":"2012-03-26 14:27:56","NewScoring":1}},{"SurveyID":"SV_ctNAPpWVEvJGyyg","Element":"SCO","PrimaryAttribute":"Scoring","SecondaryAttribute":null,"TertiaryAttribute":null,"Payload":{"ScoringCategories":[],"ScoringCategoryGroups":[],"ScoringSummaryCategory":null,"ScoringSummaryAfterQuestions":false,"ScoringSummaryAfterSurvey":false,"NextCategoryId":1,"NextGroupId":1,"DefaultScoringCategory":null,"ID":"Scoring"}},{"SurveyID":"SV_ctNAPpWVEvJGyyg","Element":"QC","PrimaryAttribute":"Survey Question Count","SecondaryAttribute":"16","TertiaryAttribute":null,"Payload":null},{"SurveyID":"SV_ctNAPpWVEvJGyyg","Element":"RS","PrimaryAttribute":"RS_dd2bCN6mw6KAYRK","SecondaryAttribute":"Default Response Set","TertiaryAttribute":null,"Payload":null},{"SurveyID":"SV_ctNAPpWVEvJGyyg","Element":"SQ","PrimaryAttribute":"QID6","SecondaryAttribute":"shuffle = function(o){ \/\/v1.0\nfor(var j, x, i = o.length; i; j = parseInt(Math.random() * i), x = o[","TertiaryAttribute":null,"Payload":{"QuestionText":"<script type=\"text\/javascript\">\n\nshuffle = function(o){ \/\/v1.0\nfor(var j, x, i = o.length; i; j = parseInt(Math.random() * i), x = o[--i], o[i] = o[j], o[j] = x);\nreturn o;\n};\n  \ndocument.onkeyup = KeyCheck;\n\nvar input    = new Array();\nvar correct  = new Array();\nvar neworder = shuffle([0, 1, 2, 3, 4, 5, 6, 7, 8, 9,10,11,12,13,14,15,16,17,18,19,20,21,22,23,24,25,26,27,28,29,30,31]);\n\nvar t = 0;var c = 0;var d;var running = 0;\n\ninput[0]=\"Horrible\";       correct[0]=76;\ninput[1]=\"Nasty\";          correct[1]=76;\ninput[2]=\"Awful\";          correct[2]=76;\ninput[3]=\"Terrible\";       correct[3]=76;\ninput[4]=\"Agony\";          correct[4]=76;\ninput[5]=\"Hurt\";           correct[5]=76;\ninput[6]=\"Evil\";           correct[6]=76;\ninput[7]=\"Failure\";        correct[7]=76;\n\ninput[8]=\"Happy\";          correct[8]=65;\ninput[9]=\"Beautiful\";      correct[9]=65;\ninput[10]=\"Laughter\";      correct[10]=65;\ninput[11]=\"Pleasure\";      correct[11]=65;\ninput[12]=\"Joy\";           correct[12]=65;\ninput[13]=\"Wonderful\";     correct[13]=65;\ninput[14]=\"Smile\";         correct[14]=65;\ninput[15]=\"Glorious\";      correct[15]=65;\n\ninput[16]=\"Horrible\";      correct[16]=76;\ninput[17]=\"Nasty\";         correct[17]=76;\ninput[18]=\"Awful\";         correct[18]=76;\ninput[19]=\"Terrible\";      correct[19]=76;\ninput[20]=\"Agony\";         correct[20]=76;\ninput[21]=\"Hurt\";          correct[21]=76;\ninput[22]=\"Evil\";          correct[22]=76;\ninput[23]=\"Failure\";       correct[23]=76;\n\ninput[24]=\"Happy\";         correct[24]=65;\ninput[25]=\"Beautiful\";     correct[25]=65;\ninput[26]=\"Laughter\";      correct[26]=65;\ninput[27]=\"Pleasure\";      correct[27]=65;\ninput[28]=\"Joy\";           correct[28]=65;\ninput[29]=\"Wonderful\";     correct[29]=65;\ninput[30]=\"Smile\";         correct[30]=65;\ninput[31]=\"Glorious\";      correct[31]=65;\n  \nfunction start_it() {\n  if (c<32) {\n    var day = new Date(); trialstart = day.getTime();\n    document.getElementById(\"Message\").innerHTML = \"<br>\" + input[neworder[c]];\n  }\n  else {\n    clearInterval(t)\n    document.getElementById(\"Message\").innerHTML = \"<br>You may now proceed to the next section\";\n    document.getElementById(\"QR~QID6\").value = document.getElementById(\"QR~QID6\").value + \"END\";\n  }\n}\n\nfunction KeyCheck(e) {\n  var KeyID = (window.event) ? event.keyCode : e.keyCode;\n  if (c<32) {\n    d=neworder[c]; if (d<=9) {d=\"0\"+d;}\n    if(KeyID == 65)  {\n      var day = new Date(); trialend = day.getTime();\n      rt = trialend - trialstart;\n      if(correct[neworder[c]] == 65){\n       document.getElementById(\"QR~QID6\").value = document.getElementById(\"QR~QID6\").value + d + \"C\" + rt + \",\";\n        document.getElementById(\"Message\").innerHTML = \"<br>+\";\n        c=c+1;\n        t = setTimeout('start_it();',500);\n      }\n      else{\n       document.getElementById(\"QR~QID6\").value = document.getElementById(\"QR~QID6\").value + d + \"X\" + rt + \",\";\n        document.getElementById(\"Message\").innerHTML = \"<b style='color:red;font-size:80px'>X<\/b>\";\n        c=c+1;\n        t = setTimeout('document.getElementById(\"Message\").innerHTML = \"<br>+\";',500);\n        t = setTimeout('start_it();',700);\n      }\n        \n    }\n    \n    if(KeyID == 76)  {\n      var day = new Date(); trialend = day.getTime();\n      rt = trialend - trialstart;\n      if(correct[neworder[c]] == 76){\n       document.getElementById(\"QR~QID6\").value = document.getElementById(\"QR~QID6\").value + d + \"C\" + rt + \",\";\n        document.getElementById(\"Message\").innerHTML = \"<br>+\";\n        c=c+1;\n        t = setTimeout('start_it();',500);\n      }\n      else{\n       document.getElementById(\"QR~QID6\").value = document.getElementById(\"QR~QID6\").value + d + \"X\" + rt + \",\";\n        document.getElementById(\"Message\").innerHTML = \"<b style='color:red;font-size:80px'>X<\/b>\";\n        c=c+1;\n        t = setTimeout('document.getElementById(\"Message\").innerHTML = \"<br>+\";',500);\n        t = setTimeout('start_it();',700);\n      }\n        \n    }\n\n    if(KeyID == 32)  {\n      if (running == 0) {\n        document.getElementById('instructions').style.display = \"none\";\n        running = 1;\n              start_it();\n      }\n    }\n  }\n}\n\n<\/script>\n\n<center>\n<b style='font-size:30px'>Good Word &nbsp &nbsp &nbsp &nbsp &nbsp &nbsp &nbsp &nbsp &nbsp &nbsp &nbsp &nbsp &nbsp &nbsp &nbsp &nbsp &nbsp &nbsp &nbsp &nbsp &nbsp Bad Word<\/b><h2 id=\"Message\" style='font-size:30px'>+<\/h2><br><p id=\"instructions\">Please place your left and right fingers on the <b>A<\/b> and <b>L<\/b> keys respectively. At the top of the screen, you will see 2 categories, one on the right and one on the left. Words will start appearing in the middle of the screen, one by one.When the word belongs to the category on the left, press the <b>A<\/b> key on your keyboard as fast as you can. When the word belongs to the category on the right, press the <b>L<\/b> key on your keyboard as fast as you can. If you make an error, a red <b style='color:red'>X<\/b> will appear.  Please try to make as few errors as possible.<br><br>When you are ready, please press the [Space] bar to begin.<br><br>\nPart 1 of 7<\/p><\/center>","DefaultChoices":false,"DataExportTag":"Part_1","QuestionID":"QID6","QuestionType":"TE","Selector":"SL","Configuration":{"QuestionDescriptionOption":"UseText"},"QuestionDescription":"shuffle = function(o){ \/\/v1.0\nfor(var j, x, i = o.length; i; j = parseInt(Math.random() * i), x = o[...","Choices":{"1":{"Display":"Click to write Choice 1"},"2":{"Display":"Click to write Choice 2"},"3":{"Display":"Click to write Choice 3"}},"ChoiceOrder":["1","2","3"],"Validation":{"Settings":{"ForceResponse":"OFF","ForceResponseType":"ON","Type":"None"}},"GradingData":[],"Language":[],"QuestionJS":"Qualtrics.SurveyEngine.addOnload(function()\n{\n\/*Place Your Javascript Below This Line*\/\nvar InputId = $(\"QR~\"+this.questionId);\nInputId.style.display=\"none\";\n});"}},{"SurveyID":"SV_ctNAPpWVEvJGyyg","Element":"SQ","PrimaryAttribute":"QID8","SecondaryAttribute":"shuffle = function(o){ \/\/v1.0\nfor(var j, x, i = o.length; i; j = parseInt(Math.random() * i), x = o[","TertiaryAttribute":null,"Payload":{"QuestionText":"<script type=\"text\/javascript\">\n\nshuffle = function(o){ \/\/v1.0\nfor(var j, x, i = o.length; i; j = parseInt(Math.random() * i), x = o[--i], o[i] = o[j], o[j] = x);\nreturn o;\n};\n  \ndocument.onkeyup = KeyCheck;\n\nvar input    = new Array();\nvar correct  = new Array();\nvar neworder = shuffle([0, 1, 2, 3, 4, 5, 6, 7, 8, 9,10,11,12,13,14,15,16,17,18,19,20,21,22,23,24,25,26,27,28,29,30,31]);\n\nvar t = 0;var c = 0;var d;var running = 0;\n\ninput[0]=\"<b style='color:chartreuse'>Barack Obama<\/b>\";   correct[0]=65;\ninput[1]=\"<b style='color:chartreuse'>Nancy Pelosi<\/b>\";   correct[1]=65;\ninput[2]=\"<b style='color:chartreuse'>John Kerry<\/b>\";     correct[2]=65;\ninput[3]=\"<b style='color:chartreuse'>Bill Clinton<\/b>\";   correct[3]=65;\ninput[4]=\"<b style='color:chartreuse'>Hillary Clinton<\/b>\";correct[4]=65;\ninput[5]=\"<b style='color:chartreuse'>Joe Biden<\/b>\";      correct[5]=65;\ninput[6]=\"<b style='color:chartreuse'>Ted Kennedy<\/b>\";    correct[6]=65;\ninput[7]=\"<b style='color:chartreuse'>Jimmy Carter<\/b>\";   correct[7]=65;\n\ninput[8]=\"<b style='color:chartreuse'>George Bush<\/b>\";     correct[8]=76;\ninput[9]=\"<b style='color:chartreuse'>John McCain<\/b>\";     correct[9]=76;\ninput[10]=\"<b style='color:chartreuse'>Sarah Palin<\/b>\";    correct[10]=76;\ninput[11]=\"<b style='color:chartreuse'>Dick Cheney<\/b>\";    correct[11]=76;\ninput[12]=\"<b style='color:chartreuse'>Donald Rumsfeld<\/b>\";correct[12]=76;\ninput[13]=\"<b style='color:chartreuse'>Ronald Reagan<\/b>\";  correct[13]=76;\ninput[14]=\"<b style='color:chartreuse'>Rudy Giuliani<\/b>\";  correct[14]=76;\ninput[15]=\"<b style='color:chartreuse'>Mitt Romney<\/b>\";    correct[15]=76;\n\ninput[16]=\"<b style='color:chartreuse'>Barack Obama<\/b>\";   correct[16]=65;\ninput[17]=\"<b style='color:chartreuse'>Nancy Pelosi<\/b>\";   correct[17]=65;\ninput[18]=\"<b style='color:chartreuse'>John Kerry<\/b>\";     correct[18]=65;\ninput[19]=\"<b style='color:chartreuse'>Bill Clinton<\/b>\";   correct[19]=65;\ninput[20]=\"<b style='color:chartreuse'>Hillary Clinton<\/b>\";correct[20]=65;\ninput[21]=\"<b style='color:chartreuse'>Joe Biden<\/b>\";      correct[21]=65;\ninput[22]=\"<b style='color:chartreuse'>Ted Kennedy<\/b>\";    correct[22]=65;\ninput[23]=\"<b style='color:chartreuse'>Jimmy Carter<\/b>\";   correct[23]=65;\n\ninput[24]=\"<b style='color:chartreuse'>George Bush<\/b>\";    correct[24]=76;\ninput[25]=\"<b style='color:chartreuse'>John McCain<\/b>\";    correct[25]=76;\ninput[26]=\"<b style='color:chartreuse'>Sarah Palin<\/b>\";    correct[26]=76;\ninput[27]=\"<b style='color:chartreuse'>Dick Cheney<\/b>\";    correct[27]=76;\ninput[28]=\"<b style='color:chartreuse'>Donald Rumsfeld<\/b>\";correct[28]=76;\ninput[29]=\"<b style='color:chartreuse'>Ronald Reagan<\/b>\";  correct[29]=76;\ninput[30]=\"<b style='color:chartreuse'>Rudy Giuliani<\/b>\";  correct[30]=76;\ninput[31]=\"<b style='color:chartreuse'>Mitt Romney<\/b>\";    correct[31]=76;\n\nfunction start_it() {\n  if (c<32) {\n    var day = new Date(); trialstart = day.getTime();\n    document.getElementById(\"Message\").innerHTML = \"<br>\" + input[neworder[c]];\n  }\n  else {\n    clearInterval(t)\n    document.getElementById(\"Message\").innerHTML = \"<br>You may now proceed to the next section\";\n    document.getElementById(\"QR~QID8\").value = document.getElementById(\"QR~QID8\").value + \"END\";\n  }\n}\n\nfunction KeyCheck(e) {\n  var KeyID = (window.event) ? event.keyCode : e.keyCode;\n  if (c<32) {\n    d=neworder[c]; if (d<=9) {d=\"0\"+d;}\n    if(KeyID == 65)  {\n      var day = new Date(); trialend = day.getTime();\n      rt = trialend - trialstart;\n      if(correct[neworder[c]] == 65){\n       document.getElementById(\"QR~QID8\").value = document.getElementById(\"QR~QID8\").value + d + \"C\" + rt + \",\";\n        document.getElementById(\"Message\").innerHTML = \"<br>+\";\n        c=c+1;\n        t = setTimeout('start_it();',500);\n      }\n      else{\n       document.getElementById(\"QR~QID8\").value = document.getElementById(\"QR~QID8\").value + d + \"X\" + rt + \",\";\n        document.getElementById(\"Message\").innerHTML = \"<b style='color:red;font-size:80px'>X<\/b>\";\n        c=c+1;\n        t = setTimeout('document.getElementById(\"Message\").innerHTML = \"<br>+\";',500);\n        t = setTimeout('start_it();',700);\n      }\n        \n    }\n    \n    if(KeyID == 76)  {\n      var day = new Date(); trialend = day.getTime();\n      rt = trialend - trialstart;\n      if(correct[neworder[c]] == 76){\n       document.getElementById(\"QR~QID8\").value = document.getElementById(\"QR~QID8\").value + d + \"C\" + rt + \",\";\n        document.getElementById(\"Message\").innerHTML = \"<br>+\";\n        c=c+1;\n        t = setTimeout('start_it();',500);\n      }\n      else{\n       document.getElementById(\"QR~QID8\").value = document.getElementById(\"QR~QID8\").value + d + \"X\" + rt + \",\";\n        document.getElementById(\"Message\").innerHTML = \"<b style='color:red;font-size:80px'>X<\/b>\";\n        c=c+1;\n        t = setTimeout('document.getElementById(\"Message\").innerHTML = \"<br>+\";',500);\n        t = setTimeout('start_it();',700);\n      }\n        \n    }\n\n    if(KeyID == 32)  {\n      if (running == 0) {\n        document.getElementById('instructions').style.display = \"none\";\n        running = 1;\n              start_it();\n      }\n    }\n  }\n}\n\n<\/script>\n\n<center>\n\n<b style='color:chartreuse;font-size:30px'>Democrat &nbsp &nbsp &nbsp &nbsp &nbsp &nbsp &nbsp &nbsp &nbsp &nbsp &nbsp &nbsp &nbsp &nbsp &nbsp &nbsp &nbsp &nbsp &nbsp &nbsp Republican<\/b><br>\n\n<h2 id=\"Message\" style='font-size:30px'>+<\/h2><br>\n\n<p id=\"instructions\">Now you will see that the categories above have changed. The items have changed as well. The rules for sorting the items are the same: Words will start appearing in the middle of the screen, one by one.When the word belongs to the category on the left, press the <b>A<\/b> key on your keyboard as fast as you can. When the word belongs to the category on the right, press the <b>L<\/b> key on your keyboard as fast as you can. Please try to make as few errors as possible.<br><br>When you are ready, please press the [Space] bar to begin.<br><br>\nPart 2 of 7<\/p><\/center>","QuestionJS":"Qualtrics.SurveyEngine.addOnload(function()\n{\n\/*Place Your Javascript Below This Line*\/\nvar InputId = $(\"QR~\"+this.questionId);\nInputId.style.display=\"none\";\n});","DefaultChoices":false,"DataExportTag":"Part_2","QuestionType":"TE","Selector":"SL","Configuration":{"QuestionDescriptionOption":"UseText"},"QuestionDescription":"shuffle = function(o){ \/\/v1.0\nfor(var j, x, i = o.length; i; j = parseInt(Math.random() * i), x = o[...","Choices":{"1":{"Display":"Click to write Choice 1"},"2":{"Display":"Click to write Choice 2"},"3":{"Display":"Click to write Choice 3"}},"ChoiceOrder":["1","2","3"],"Validation":{"Settings":{"ForceResponse":"OFF","ForceResponseType":"ON","Type":"None"}},"GradingData":[],"Language":[],"QuestionID":"QID8"}},{"SurveyID":"SV_ctNAPpWVEvJGyyg","Element":"SQ","PrimaryAttribute":"QID9","SecondaryAttribute":"shuffle = function(o){ \/\/v1.0\nfor(var j, x, i = o.length; i; j = parseInt(Math.random() * i), x = o[","TertiaryAttribute":null,"Payload":{"QuestionText":"<script type=\"text\/javascript\">\n\nshuffle = function(o){ \/\/v1.0\nfor(var j, x, i = o.length; i; j = parseInt(Math.random() * i), x = o[--i], o[i] = o[j], o[j] = x);\nreturn o;\n};\n  \ndocument.onkeyup = KeyCheck;\n\nvar input    = new Array();\nvar correct  = new Array();\nvar neworder = shuffle([0, 1, 2, 3, 4, 5, 6, 7, 8, 9,10,11,12,13,14,15,16,17,18,19,20,21,22,23,24,25,26,27,28,29,30,31]);\n\nvar t = 0;var c = 0;var d;var running = 0;\n\ninput[0]=\"<b style='color:chartreuse'>Barack Obama<\/b>\";   correct[0]=65;\ninput[1]=\"<b style='color:chartreuse'>Nancy Pelosi<\/b>\";   correct[1]=65;\ninput[2]=\"<b style='color:chartreuse'>John Kerry<\/b>\";     correct[2]=65;\ninput[3]=\"<b style='color:chartreuse'>Bill Clinton<\/b>\";   correct[3]=65;\ninput[4]=\"<b style='color:chartreuse'>Hillary Clinton<\/b>\";correct[4]=65;\ninput[5]=\"<b style='color:chartreuse'>Joe Biden<\/b>\";      correct[5]=65;\ninput[6]=\"<b style='color:chartreuse'>Ted Kennedy<\/b>\";    correct[6]=65;\ninput[7]=\"<b style='color:chartreuse'>Jimmy Carter<\/b>\";   correct[7]=65;\n\ninput[8]=\"<b style='color:chartreuse'>George Bush<\/b>\";     correct[8]=76;\ninput[9]=\"<b style='color:chartreuse'>John McCain<\/b>\";     correct[9]=76;\ninput[10]=\"<b style='color:chartreuse'>Sarah Palin<\/b>\";    correct[10]=76;\ninput[11]=\"<b style='color:chartreuse'>Dick Cheney<\/b>\";    correct[11]=76;\ninput[12]=\"<b style='color:chartreuse'>Donald Rumsfeld<\/b>\";correct[12]=76;\ninput[13]=\"<b style='color:chartreuse'>Ronald Reagan<\/b>\";  correct[13]=76;\ninput[14]=\"<b style='color:chartreuse'>Rudy Giuliani<\/b>\";  correct[14]=76;\ninput[15]=\"<b style='color:chartreuse'>Mitt Romney<\/b>\";    correct[15]=76;\n\ninput[16]=\"Horrible\";       correct[16]=76;\ninput[17]=\"Nasty\";          correct[17]=76;\ninput[18]=\"Awful\";          correct[18]=76;\ninput[19]=\"Terrible\";       correct[19]=76;\ninput[20]=\"Agony\";          correct[20]=76;\ninput[21]=\"Hurt\";           correct[21]=76;\ninput[22]=\"Evil\";           correct[22]=76;\ninput[23]=\"Failure\";        correct[23]=76;\n\ninput[24]=\"Happy\";         correct[24]=65;\ninput[25]=\"Beautiful\";     correct[25]=65;\ninput[26]=\"Laughter\";      correct[26]=65;\ninput[27]=\"Pleasure\";      correct[27]=65;\ninput[28]=\"Joy\";           correct[28]=65;\ninput[29]=\"Wonderful\";     correct[29]=65;\ninput[30]=\"Smile\";         correct[30]=65;\ninput[31]=\"Glorious\";      correct[31]=65;\n\nfunction start_it() {\n  if (c<32) {\n    var day = new Date(); trialstart = day.getTime();\n    document.getElementById(\"Message\").innerHTML = \"<br>\" + input[neworder[c]];\n  }\n  else {\n    clearInterval(t)\n    document.getElementById(\"Message\").innerHTML = \"<br>You may now proceed to the next section\";\n    document.getElementById(\"QR~QID9\").value = document.getElementById(\"QR~QID9\").value + \"END\";\n  }\n}\n\nfunction KeyCheck(e) {\n  var KeyID = (window.event) ? event.keyCode : e.keyCode;\n  if (c<32) {\n    d=neworder[c]; if (d<=9) {d=\"0\"+d;}\n    if(KeyID == 65)  {\n      var day = new Date(); trialend = day.getTime();\n      rt = trialend - trialstart;\n      if(correct[neworder[c]] == 65){\n       document.getElementById(\"QR~QID9\").value = document.getElementById(\"QR~QID9\").value + d + \"C\" + rt + \",\";\n        document.getElementById(\"Message\").innerHTML = \"<br>+\";\n        c=c+1;\n        t = setTimeout('start_it();',500);\n      }\n      else{\n       document.getElementById(\"QR~QID9\").value = document.getElementById(\"QR~QID9\").value + d + \"X\" + rt + \",\";\n        document.getElementById(\"Message\").innerHTML = \"<b style='color:red;font-size:80px'>X<\/b>\";\n        c=c+1;\n        t = setTimeout('document.getElementById(\"Message\").innerHTML = \"<br>+\";',500);\n        t = setTimeout('start_it();',700);\n      }\n        \n    }\n    \n    if(KeyID == 76)  {\n      var day = new Date(); trialend = day.getTime();\n      rt = trialend - trialstart;\n      if(correct[neworder[c]] == 76){\n       document.getElementById(\"QR~QID9\").value = document.getElementById(\"QR~QID9\").value + d + \"C\" + rt + \",\";\n        document.getElementById(\"Message\").innerHTML = \"<br>+\";\n        c=c+1;\n        t = setTimeout('start_it();',500);\n      }\n      else{\n       document.getElementById(\"QR~QID9\").value = document.getElementById(\"QR~QID9\").value + d + \"X\" + rt + \",\";\n        document.getElementById(\"Message\").innerHTML = \"<b style='color:red;font-size:80px'>X<\/b>\";\n        c=c+1;\n        t = setTimeout('document.getElementById(\"Message\").innerHTML = \"<br>+\";',500);\n        t = setTimeout('start_it();',700);\n      }\n        \n    }\n\n    if(KeyID == 32)  {\n      if (running == 0) {\n        document.getElementById('instructions').style.display = \"none\";\n        running = 1;\n              start_it();\n      }\n    }\n  }\n}\n\n<\/script>\n\n<center>\n\n<b style='color:chartreuse;font-size:30px'>Democrat &nbsp &nbsp &nbsp &nbsp &nbsp &nbsp &nbsp &nbsp &nbsp &nbsp &nbsp &nbsp &nbsp &nbsp &nbsp &nbsp &nbsp &nbsp &nbsp &nbsp Republican<\/b><br>\n<b style='font-size:20px'>or &nbsp &nbsp &nbsp &nbsp &nbsp &nbsp &nbsp &nbsp &nbsp &nbsp &nbsp &nbsp &nbsp &nbsp &nbsp &nbsp &nbsp &nbsp &nbsp &nbsp &nbsp &nbsp &nbsp &nbsp &nbsp &nbsp &nbsp &nbsp &nbsp &nbsp &nbsp &nbsp &nbsp &nbsp &nbsp &nbsp &nbsp &nbsp &nbsp &nbsp &nbsp &nbsp &nbsp &nbsp &nbsp &nbsp or<\/b><br>\n<b style='font-size:30px'>Good Word &nbsp &nbsp &nbsp &nbsp &nbsp &nbsp &nbsp &nbsp &nbsp &nbsp &nbsp &nbsp &nbsp &nbsp &nbsp &nbsp &nbsp &nbsp &nbsp &nbsp &nbsp Bad Word<\/b>\n\n<h2 id=\"Message\" style='font-size:30px'>+<\/h2><br>\n\n<p id=\"instructions\">Now you will see that both sets of categories are listed at the top. The same items that you have seen before will be presented in the center of the screen and the same rule applies: When the word belongs to one of the categories on the left, press the <b>A<\/b> key on your keyboard as fast as you can. When the word belongs to one of the categories on the right, press the <b>L<\/b> key on your keyboard as fast as you can. Please try to make as few errors as possible.<br><br>When you are ready, please press the [Space] bar to begin.<br><br>\nPart 3 of 7<\/p><\/center>","QuestionJS":"Qualtrics.SurveyEngine.addOnload(function()\n{\n\/*Place Your Javascript Below This Line*\/\nvar InputId = $(\"QR~\"+this.questionId);\nInputId.style.display=\"none\";\n});","DefaultChoices":false,"DataExportTag":"Part_3","QuestionType":"TE","Selector":"SL","Configuration":{"QuestionDescriptionOption":"UseText"},"QuestionDescription":"shuffle = function(o){ \/\/v1.0\nfor(var j, x, i = o.length; i; j = parseInt(Math.random() * i), x = o[...","Choices":{"1":{"Display":"Click to write Choice 1"},"2":{"Display":"Click to write Choice 2"},"3":{"Display":"Click to write Choice 3"}},"ChoiceOrder":["1","2","3"],"Validation":{"Settings":{"ForceResponse":"OFF","ForceResponseType":"ON","Type":"None"}},"GradingData":[],"Language":[],"QuestionID":"QID9"}},{"SurveyID":"SV_ctNAPpWVEvJGyyg","Element":"SQ","PrimaryAttribute":"QID11","SecondaryAttribute":"shuffle = function(o){ \/\/v1.0\nfor(var j, x, i = o.length; i; j = parseInt(Math.random() * i), x = o[","TertiaryAttribute":null,"Payload":{"QuestionText":"<script type=\"text\/javascript\">\n\nshuffle = function(o){ \/\/v1.0\nfor(var j, x, i = o.length; i; j = parseInt(Math.random() * i), x = o[--i], o[i] = o[j], o[j] = x);\nreturn o;\n};\n  \ndocument.onkeyup = KeyCheck;\n\nvar input    = new Array();\nvar correct  = new Array();\nvar neworder = shuffle([0, 1, 2, 3, 4, 5, 6, 7, 8, 9,10,11,12,13,14,15,16,17,18,19,20,21,22,23,24,25,26,27,28,29,30,31]);\n\nvar t = 0;var c = 0;var d;var running = 0;\n\ninput[0]=\"<b style='color:chartreuse'>Barack Obama<\/b>\";   correct[0]=65;\ninput[1]=\"<b style='color:chartreuse'>Nancy Pelosi<\/b>\";   correct[1]=65;\ninput[2]=\"<b style='color:chartreuse'>John Kerry<\/b>\";     correct[2]=65;\ninput[3]=\"<b style='color:chartreuse'>Bill Clinton<\/b>\";   correct[3]=65;\ninput[4]=\"<b style='color:chartreuse'>Hillary Clinton<\/b>\";correct[4]=65;\ninput[5]=\"<b style='color:chartreuse'>Joe Biden<\/b>\";      correct[5]=65;\ninput[6]=\"<b style='color:chartreuse'>Ted Kennedy<\/b>\";    correct[6]=65;\ninput[7]=\"<b style='color:chartreuse'>Jimmy Carter<\/b>\";   correct[7]=65;\n\ninput[8]=\"<b style='color:chartreuse'>George Bush<\/b>\";     correct[8]=76;\ninput[9]=\"<b style='color:chartreuse'>John McCain<\/b>\";     correct[9]=76;\ninput[10]=\"<b style='color:chartreuse'>Sarah Palin<\/b>\";    correct[10]=76;\ninput[11]=\"<b style='color:chartreuse'>Dick Cheney<\/b>\";    correct[11]=76;\ninput[12]=\"<b style='color:chartreuse'>Donald Rumsfeld<\/b>\";correct[12]=76;\ninput[13]=\"<b style='color:chartreuse'>Ronald Reagan<\/b>\";  correct[13]=76;\ninput[14]=\"<b style='color:chartreuse'>Rudy Giuliani<\/b>\";  correct[14]=76;\ninput[15]=\"<b style='color:chartreuse'>Mitt Romney<\/b>\";    correct[15]=76;\n\ninput[16]=\"Horrible\";       correct[16]=76;\ninput[17]=\"Nasty\";          correct[17]=76;\ninput[18]=\"Awful\";          correct[18]=76;\ninput[19]=\"Terrible\";       correct[19]=76;\ninput[20]=\"Agony\";          correct[20]=76;\ninput[21]=\"Hurt\";           correct[21]=76;\ninput[22]=\"Evil\";           correct[22]=76;\ninput[23]=\"Failure\";        correct[23]=76;\n\ninput[24]=\"Happy\";         correct[24]=65;\ninput[25]=\"Beautiful\";     correct[25]=65;\ninput[26]=\"Laughter\";      correct[26]=65;\ninput[27]=\"Pleasure\";      correct[27]=65;\ninput[28]=\"Joy\";           correct[28]=65;\ninput[29]=\"Wonderful\";     correct[29]=65;\ninput[30]=\"Smile\";         correct[30]=65;\ninput[31]=\"Glorious\";      correct[31]=65;\n\nfunction start_it() {\n  if (c<32) {\n    var day = new Date(); trialstart = day.getTime();\n    document.getElementById(\"Message\").innerHTML = \"<br>\" + input[neworder[c]];\n  }\n  else {\n    clearInterval(t)\n    document.getElementById(\"Message\").innerHTML = \"<br>You may now proceed to the next section\";\n    document.getElementById(\"QR~QID11\").value = document.getElementById(\"QR~QID11\").value + \"END\";\n  }\n}\n\nfunction KeyCheck(e) {\n  var KeyID = (window.event) ? event.keyCode : e.keyCode;\n  if (c<32) {\n    d=neworder[c]; if (d<=9) {d=\"0\"+d;}\n    if(KeyID == 65)  {\n      var day = new Date(); trialend = day.getTime();\n      rt = trialend - trialstart;\n      if(correct[neworder[c]] == 65){\n       document.getElementById(\"QR~QID11\").value = document.getElementById(\"QR~QID11\").value + d + \"C\" + rt + \",\";\n        document.getElementById(\"Message\").innerHTML = \"<br>+\";\n        c=c+1;\n        t = setTimeout('start_it();',500);\n      }\n      else{\n       document.getElementById(\"QR~QID11\").value = document.getElementById(\"QR~QID11\").value + d + \"X\" + rt + \",\";\n        document.getElementById(\"Message\").innerHTML = \"<b style='color:red;font-size:80px'>X<\/b>\";\n        c=c+1;\n        t = setTimeout('document.getElementById(\"Message\").innerHTML = \"<br>+\";',500);\n        t = setTimeout('start_it();',700);\n      }\n        \n    }\n    \n    if(KeyID == 76)  {\n      var day = new Date(); trialend = day.getTime();\n      rt = trialend - trialstart;\n      if(correct[neworder[c]] == 76){\n       document.getElementById(\"QR~QID11\").value = document.getElementById(\"QR~QID11\").value + d + \"C\" + rt + \",\";\n        document.getElementById(\"Message\").innerHTML = \"<br>+\";\n        c=c+1;\n        t = setTimeout('start_it();',500);\n      }\n      else{\n       document.getElementById(\"QR~QID11\").value = document.getElementById(\"QR~QID11\").value + d + \"X\" + rt + \",\";\n        document.getElementById(\"Message\").innerHTML = \"<b style='color:red;font-size:80px'>X<\/b>\";\n        c=c+1;\n        t = setTimeout('document.getElementById(\"Message\").innerHTML = \"<br>+\";',500);\n        t = setTimeout('start_it();',700);\n      }\n        \n    }\n\n    if(KeyID == 32)  {\n      if (running == 0) {\n        document.getElementById('instructions').style.display = \"none\";\n        running = 1;\n              start_it();\n      }\n    }\n  }\n}\n\n<\/script>\n\n<center>\n\n<b style='color:chartreuse;font-size:30px'>Democrat &nbsp &nbsp &nbsp &nbsp &nbsp &nbsp &nbsp &nbsp &nbsp &nbsp &nbsp &nbsp &nbsp &nbsp &nbsp &nbsp &nbsp &nbsp &nbsp &nbsp Republican<\/b><br>\n<b style='font-size:20px'>or &nbsp &nbsp &nbsp &nbsp &nbsp &nbsp &nbsp &nbsp &nbsp &nbsp &nbsp &nbsp &nbsp &nbsp &nbsp &nbsp &nbsp &nbsp &nbsp &nbsp &nbsp &nbsp &nbsp &nbsp &nbsp &nbsp &nbsp &nbsp &nbsp &nbsp &nbsp &nbsp &nbsp &nbsp &nbsp &nbsp &nbsp &nbsp &nbsp &nbsp &nbsp &nbsp &nbsp &nbsp &nbsp &nbsp or<\/b><br>\n<b style='font-size:30px'>Good Word &nbsp &nbsp &nbsp &nbsp &nbsp &nbsp &nbsp &nbsp &nbsp &nbsp &nbsp &nbsp &nbsp &nbsp &nbsp &nbsp &nbsp &nbsp &nbsp &nbsp &nbsp Bad Word<\/b>\n\n<h2 id=\"Message\" style='font-size:30px'>+<\/h2><br>\n\n<p id=\"instructions\"> Repeat the same task that you just completed.<br><br>When you are ready, press the [Space] bar to begin. <br><br>\nPart 4 of 7<\/p><\/center>","QuestionJS":"Qualtrics.SurveyEngine.addOnload(function()\n{\n\/*Place Your Javascript Below This Line*\/\nvar InputId = $(\"QR~\"+this.questionId);\nInputId.style.display=\"none\";\n});","DefaultChoices":false,"DataExportTag":"Part_4","QuestionType":"TE","Selector":"SL","Configuration":{"QuestionDescriptionOption":"UseText"},"QuestionDescription":"shuffle = function(o){ \/\/v1.0\nfor(var j, x, i = o.length; i; j = parseInt(Math.random() * i), x = o[...","Choices":{"1":{"Display":"Click to write Choice 1"},"2":{"Display":"Click to write Choice 2"},"3":{"Display":"Click to write Choice 3"}},"ChoiceOrder":["1","2","3"],"Validation":{"Settings":{"ForceResponse":"OFF","ForceResponseType":"ON","Type":"None"}},"GradingData":[],"Language":[],"QuestionID":"QID11"}},{"SurveyID":"SV_ctNAPpWVEvJGyyg","Element":"SQ","PrimaryAttribute":"QID12","SecondaryAttribute":"shuffle = function(o){ \/\/v1.0\nfor(var j, x, i = o.length; i; j = parseInt(Math.random() * i), x = o[","TertiaryAttribute":null,"Payload":{"QuestionText":"<script type=\"text\/javascript\">\n\nshuffle = function(o){ \/\/v1.0\nfor(var j, x, i = o.length; i; j = parseInt(Math.random() * i), x = o[--i], o[i] = o[j], o[j] = x);\nreturn o;\n};\n  \ndocument.onkeyup = KeyCheck;\n\nvar input    = new Array();\nvar correct  = new Array();\nvar neworder = shuffle([0, 1, 2, 3, 4, 5, 6, 7, 8, 9,10,11,12,13,14,15,16,17,18,19,20,21,22,23,24,25,26,27,28,29,30,31]);\n\nvar t = 0;var c = 0;var d;var running = 0;\n\ninput[0]=\"Horrible\";       correct[0]=65;\ninput[1]=\"Nasty\";          correct[1]=65;\ninput[2]=\"Awful\";          correct[2]=65;\ninput[3]=\"Terrible\";       correct[3]=65;\ninput[4]=\"Agony\";          correct[4]=65;\ninput[5]=\"Hurt\";           correct[5]=65;\ninput[6]=\"Evil\";           correct[6]=65;\ninput[7]=\"Failure\";        correct[7]=65;\n\ninput[8]=\"Happy\";          correct[8]=76;\ninput[9]=\"Beautiful\";      correct[9]=76;\ninput[10]=\"Laughter\";      correct[10]=76;\ninput[11]=\"Pleasure\";      correct[11]=76;\ninput[12]=\"Joy\";           correct[12]=76;\ninput[13]=\"Wonderful\";     correct[13]=76;\ninput[14]=\"Smile\";         correct[14]=76;\ninput[15]=\"Glorious\";      correct[15]=76;\n\ninput[16]=\"Horrible\";      correct[16]=65;\ninput[17]=\"Nasty\";         correct[17]=65;\ninput[18]=\"Awful\";         correct[18]=65;\ninput[19]=\"Terrible\";      correct[19]=65;\ninput[20]=\"Agony\";         correct[20]=65;\ninput[21]=\"Hurt\";          correct[21]=65;\ninput[22]=\"Evil\";          correct[22]=65;\ninput[23]=\"Failure\";       correct[23]=65;\n\ninput[24]=\"Happy\";         correct[24]=76;\ninput[25]=\"Beautiful\";     correct[25]=76;\ninput[26]=\"Laughter\";      correct[26]=76;\ninput[27]=\"Pleasure\";      correct[27]=76;\ninput[28]=\"Joy\";           correct[28]=76;\ninput[29]=\"Wonderful\";     correct[29]=76;\ninput[30]=\"Smile\";         correct[30]=76;\ninput[31]=\"Glorious\";      correct[31]=76;\n\nfunction start_it() {\n  if (c<32) {\n    var day = new Date(); trialstart = day.getTime();\n    document.getElementById(\"Message\").innerHTML = \"<br>\" + input[neworder[c]];\n  }\n  else {\n    clearInterval(t)\n    document.getElementById(\"Message\").innerHTML = \"<br>You may now proceed to the next section\";\n    document.getElementById(\"QR~QID12\").value = document.getElementById(\"QR~QID12\").value + \"END\";\n  }\n}\n\nfunction KeyCheck(e) {\n  var KeyID = (window.event) ? event.keyCode : e.keyCode;\n  if (c<32) {\n    d=neworder[c]; if (d<=9) {d=\"0\"+d;}\n    if(KeyID == 65)  {\n      var day = new Date(); trialend = day.getTime();\n      rt = trialend - trialstart;\n      if(correct[neworder[c]] == 65){\n       document.getElementById(\"QR~QID12\").value = document.getElementById(\"QR~QID12\").value + d + \"C\" + rt + \",\";\n        document.getElementById(\"Message\").innerHTML = \"<br>+\";\n        c=c+1;\n        t = setTimeout('start_it();',500);\n      }\n      else{\n       document.getElementById(\"QR~QID12\").value = document.getElementById(\"QR~QID12\").value + d + \"X\" + rt + \",\";\n        document.getElementById(\"Message\").innerHTML = \"<b style='color:red;font-size:80px'>X<\/b>\";\n        c=c+1;\n        t = setTimeout('document.getElementById(\"Message\").innerHTML = \"<br>+\";',500);\n        t = setTimeout('start_it();',700);\n      }\n        \n    }\n    \n    if(KeyID == 76)  {\n      var day = new Date(); trialend = day.getTime();\n      rt = trialend - trialstart;\n      if(correct[neworder[c]] == 76){\n       document.getElementById(\"QR~QID12\").value = document.getElementById(\"QR~QID12\").value + d + \"C\" + rt + \",\";\n        document.getElementById(\"Message\").innerHTML = \"<br>+\";\n        c=c+1;\n        t = setTimeout('start_it();',500);\n      }\n      else{\n       document.getElementById(\"QR~QID12\").value = document.getElementById(\"QR~QID12\").value + d + \"X\" + rt + \",\";\n        document.getElementById(\"Message\").innerHTML = \"<b style='color:red;font-size:80px'>X<\/b>\";\n        c=c+1;\n        t = setTimeout('document.getElementById(\"Message\").innerHTML = \"<br>+\";',500);\n        t = setTimeout('start_it();',700);\n      }\n        \n    }\n\n    if(KeyID == 32)  {\n      if (running == 0) {\n        document.getElementById('instructions').style.display = \"none\";\n        running = 1;\n              start_it();\n      }\n    }\n  }\n}\n\n<\/script>\n\n<center>\n\n<b style='font-size:30px'>Bad Word &nbsp &nbsp &nbsp &nbsp &nbsp &nbsp &nbsp &nbsp &nbsp &nbsp &nbsp &nbsp &nbsp &nbsp &nbsp &nbsp &nbsp &nbsp &nbsp &nbsp &nbsp Good Word<\/b><h2 id=\"Message\" style='font-size:30px'>+<\/h2><br>\n\n<p id=\"instructions\">Now you will see that the categories above have switched sides.The rules for sorting the items are the same: Words will start appearing in the middle of the screen, one by one.When the word belongs to the category on the left, press the <b>A<\/b> key on your keyboard as fast as you can. When the word belongs to the category on the right, press the <b>L<\/b> key on your keyboard as fast as you can. Please try to make as few errors as possible.<br><br>When you are ready, please press the [Space] bar to begin.<br><br>\nPart 5 of 7<\/p><\/center>","QuestionJS":"Qualtrics.SurveyEngine.addOnload(function()\n{\n\/*Place Your Javascript Below This Line*\/\nvar InputId = $(\"QR~\"+this.questionId);\nInputId.style.display=\"none\";\n});","DefaultChoices":false,"DataExportTag":"Part_5","QuestionType":"TE","Selector":"SL","Configuration":{"QuestionDescriptionOption":"UseText"},"QuestionDescription":"shuffle = function(o){ \/\/v1.0\nfor(var j, x, i = o.length; i; j = parseInt(Math.random() * i), x = o[...","Choices":{"1":{"Display":"Click to write Choice 1"},"2":{"Display":"Click to write Choice 2"},"3":{"Display":"Click to write Choice 3"}},"ChoiceOrder":["1","2","3"],"Validation":{"Settings":{"ForceResponse":"OFF","ForceResponseType":"ON","Type":"None"}},"GradingData":[],"Language":[],"QuestionID":"QID12"}},{"SurveyID":"SV_ctNAPpWVEvJGyyg","Element":"SQ","PrimaryAttribute":"QID13","SecondaryAttribute":"shuffle = function(o){ \/\/v1.0\nfor(var j, x, i = o.length; i; j = parseInt(Math.random() * i), x = o[","TertiaryAttribute":null,"Payload":{"QuestionText":"<script type=\"text\/javascript\">\n\nshuffle = function(o){ \/\/v1.0\nfor(var j, x, i = o.length; i; j = parseInt(Math.random() * i), x = o[--i], o[i] = o[j], o[j] = x);\nreturn o;\n};\n  \ndocument.onkeyup = KeyCheck;\n\nvar input    = new Array();\nvar correct  = new Array();\nvar neworder = shuffle([0, 1, 2, 3, 4, 5, 6, 7, 8, 9,10,11,12,13,14,15,16,17,18,19,20,21,22,23,24,25,26,27,28,29,30,31]);\n\nvar t = 0;var c = 0;var d;var running = 0;\n\ninput[0]=\"<b style='color:chartreuse'>Barack Obama<\/b>\";   correct[0]=65;\ninput[1]=\"<b style='color:chartreuse'>Nancy Pelosi<\/b>\";   correct[1]=65;\ninput[2]=\"<b style='color:chartreuse'>John Kerry<\/b>\";     correct[2]=65;\ninput[3]=\"<b style='color:chartreuse'>Bill Clinton<\/b>\";   correct[3]=65;\ninput[4]=\"<b style='color:chartreuse'>Hillary Clinton<\/b>\";correct[4]=65;\ninput[5]=\"<b style='color:chartreuse'>Joe Biden<\/b>\";      correct[5]=65;\ninput[6]=\"<b style='color:chartreuse'>Ted Kennedy<\/b>\";    correct[6]=65;\ninput[7]=\"<b style='color:chartreuse'>Jimmy Carter<\/b>\";   correct[7]=65;\n\ninput[8]=\"<b style='color:chartreuse'>George Bush<\/b>\";     correct[8]=76;\ninput[9]=\"<b style='color:chartreuse'>John McCain<\/b>\";     correct[9]=76;\ninput[10]=\"<b style='color:chartreuse'>Sarah Palin<\/b>\";    correct[10]=76;\ninput[11]=\"<b style='color:chartreuse'>Dick Cheney<\/b>\";    correct[11]=76;\ninput[12]=\"<b style='color:chartreuse'>Donald Rumsfeld<\/b>\";correct[12]=76;\ninput[13]=\"<b style='color:chartreuse'>Ronald Reagan<\/b>\";  correct[13]=76;\ninput[14]=\"<b style='color:chartreuse'>Rudy Giuliani<\/b>\";  correct[14]=76;\ninput[15]=\"<b style='color:chartreuse'>Mitt Romney<\/b>\";    correct[15]=76;\n\ninput[16]=\"Horrible\";       correct[16]=65;\ninput[17]=\"Nasty\";          correct[17]=65;\ninput[18]=\"Awful\";          correct[18]=65;\ninput[19]=\"Terrible\";       correct[19]=65;\ninput[20]=\"Agony\";          correct[20]=65;\ninput[21]=\"Hurt\";           correct[21]=65;\ninput[22]=\"Evil\";           correct[22]=65;\ninput[23]=\"Failure\";        correct[23]=65;\n\ninput[24]=\"Happy\";         correct[24]=76;\ninput[25]=\"Beautiful\";     correct[25]=76;\ninput[26]=\"Laughter\";      correct[26]=76;\ninput[27]=\"Pleasure\";      correct[27]=76;\ninput[28]=\"Joy\";           correct[28]=76;\ninput[29]=\"Wonderful\";     correct[29]=76;\ninput[30]=\"Smile\";         correct[30]=76;\ninput[31]=\"Glorious\";      correct[31]=76;\n\nfunction start_it() {\n  if (c<32) {\n    var day = new Date(); trialstart = day.getTime();\n    document.getElementById(\"Message\").innerHTML = \"<br>\" + input[neworder[c]];\n  }\n  else {\n    clearInterval(t)\n    document.getElementById(\"Message\").innerHTML = \"<br>You may now proceed to the next section\";\n    document.getElementById(\"QR~QID13\").value = document.getElementById(\"QR~QID13\").value + \"END\";\n  }\n}\n\nfunction KeyCheck(e) {\n  var KeyID = (window.event) ? event.keyCode : e.keyCode;\n  if (c<32) {\n    d=neworder[c]; if (d<=9) {d=\"0\"+d;}\n    if(KeyID == 65)  {\n      var day = new Date(); trialend = day.getTime();\n      rt = trialend - trialstart;\n      if(correct[neworder[c]] == 65){\n       document.getElementById(\"QR~QID13\").value = document.getElementById(\"QR~QID13\").value + d + \"C\" + rt + \",\";\n        document.getElementById(\"Message\").innerHTML = \"<br>+\";\n        c=c+1;\n        t = setTimeout('start_it();',500);\n      }\n      else{\n       document.getElementById(\"QR~QID13\").value = document.getElementById(\"QR~QID13\").value + d + \"X\" + rt + \",\";\n        document.getElementById(\"Message\").innerHTML = \"<b style='color:red;font-size:80px'>X<\/b>\";\n        c=c+1;\n        t = setTimeout('document.getElementById(\"Message\").innerHTML = \"<br>+\";',500);\n        t = setTimeout('start_it();',700);\n      }\n        \n    }\n    \n    if(KeyID == 76)  {\n      var day = new Date(); trialend = day.getTime();\n      rt = trialend - trialstart;\n      if(correct[neworder[c]] == 76){\n       document.getElementById(\"QR~QID13\").value = document.getElementById(\"QR~QID13\").value + d + \"C\" + rt + \",\";\n        document.getElementById(\"Message\").innerHTML = \"<br>+\";\n        c=c+1;\n        t = setTimeout('start_it();',500);\n      }\n      else{\n       document.getElementById(\"QR~QID13\").value = document.getElementById(\"QR~QID13\").value + d + \"X\" + rt + \",\";\n        document.getElementById(\"Message\").innerHTML = \"<b style='color:red;font-size:80px'>X<\/b>\";\n        c=c+1;\n        t = setTimeout('document.getElementById(\"Message\").innerHTML = \"<br>+\";',500);\n        t = setTimeout('start_it();',700);\n      }\n        \n    }\n\n    if(KeyID == 32)  {\n      if (running == 0) {\n        document.getElementById('instructions').style.display = \"none\";\n        running = 1;\n              start_it();\n      }\n    }\n  }\n}\n\n<\/script>\n\n<center>\n\n<b style='color:chartreuse;font-size:30px'>Democrat &nbsp &nbsp &nbsp &nbsp &nbsp &nbsp &nbsp &nbsp &nbsp &nbsp &nbsp &nbsp &nbsp &nbsp &nbsp &nbsp &nbsp &nbsp &nbsp &nbsp Republican<\/b><br>\n<b style='font-size:20px'>or &nbsp &nbsp &nbsp &nbsp &nbsp &nbsp &nbsp &nbsp &nbsp &nbsp &nbsp &nbsp &nbsp &nbsp &nbsp &nbsp &nbsp &nbsp &nbsp &nbsp &nbsp &nbsp &nbsp &nbsp &nbsp &nbsp &nbsp &nbsp &nbsp &nbsp &nbsp &nbsp &nbsp &nbsp &nbsp &nbsp &nbsp &nbsp &nbsp &nbsp &nbsp &nbsp &nbsp &nbsp &nbsp &nbsp or<\/b><br>\n<b style='font-size:30px'>Bad Word &nbsp &nbsp &nbsp &nbsp &nbsp &nbsp &nbsp &nbsp &nbsp &nbsp &nbsp &nbsp &nbsp &nbsp &nbsp &nbsp &nbsp &nbsp &nbsp &nbsp &nbsp Good Word<\/b>\n\n<h2 id=\"Message\" style='font-size:30px'>+<\/h2><br>\n\n<p id=\"instructions\"> Now you will see that both sets of categories are listed at the top again.Perform the task as you did before: press <b>A<\/b> if the item belongs to one of the categories on the left, and press <b>L<\/b> if the item belongs to one of the categories on the right. When you are ready, press the [Space] bar to begin.<br><br>\nPart 6 of 7<\/p><\/center>","QuestionJS":"Qualtrics.SurveyEngine.addOnload(function()\n{\n\/*Place Your Javascript Below This Line*\/\nvar InputId = $(\"QR~\"+this.questionId);\nInputId.style.display=\"none\";\n});","DefaultChoices":false,"DataExportTag":"Part_6","QuestionType":"TE","Selector":"SL","Configuration":{"QuestionDescriptionOption":"UseText"},"QuestionDescription":"shuffle = function(o){ \/\/v1.0\nfor(var j, x, i = o.length; i; j = parseInt(Math.random() * i), x = o[...","Choices":{"1":{"Display":"Click to write Choice 1"},"2":{"Display":"Click to write Choice 2"},"3":{"Display":"Click to write Choice 3"}},"ChoiceOrder":["1","2","3"],"Validation":{"Settings":{"ForceResponse":"OFF","ForceResponseType":"ON","Type":"None"}},"GradingData":[],"Language":[],"QuestionID":"QID13"}},{"SurveyID":"SV_ctNAPpWVEvJGyyg","Element":"SQ","PrimaryAttribute":"QID14","SecondaryAttribute":"shuffle = function(o){ \/\/v1.0\nfor(var j, x, i = o.length; i; j = parseInt(Math.random() * i), x = o[","TertiaryAttribute":null,"Payload":{"QuestionText":"<script type=\"text\/javascript\">\n\nshuffle = function(o){ \/\/v1.0\nfor(var j, x, i = o.length; i; j = parseInt(Math.random() * i), x = o[--i], o[i] = o[j], o[j] = x);\nreturn o;\n};\n  \ndocument.onkeyup = KeyCheck;\n\nvar input    = new Array();\nvar correct  = new Array();\nvar neworder = shuffle([0, 1, 2, 3, 4, 5, 6, 7, 8, 9,10,11,12,13,14,15,16,17,18,19,20,21,22,23,24,25,26,27,28,29,30,31]);\n\nvar t = 0;var c = 0;var d;var running = 0;\n\ninput[0]=\"<b style='color:chartreuse'>Barack Obama<\/b>\";   correct[0]=65;\ninput[1]=\"<b style='color:chartreuse'>Nancy Pelosi<\/b>\";   correct[1]=65;\ninput[2]=\"<b style='color:chartreuse'>John Kerry<\/b>\";     correct[2]=65;\ninput[3]=\"<b style='color:chartreuse'>Bill Clinton<\/b>\";   correct[3]=65;\ninput[4]=\"<b style='color:chartreuse'>Hillary Clinton<\/b>\";correct[4]=65;\ninput[5]=\"<b style='color:chartreuse'>Joe Biden<\/b>\";      correct[5]=65;\ninput[6]=\"<b style='color:chartreuse'>Ted Kennedy<\/b>\";    correct[6]=65;\ninput[7]=\"<b style='color:chartreuse'>Jimmy Carter<\/b>\";   correct[7]=65;\n\ninput[8]=\"<b style='color:chartreuse'>George Bush<\/b>\";     correct[8]=76;\ninput[9]=\"<b style='color:chartreuse'>John McCain<\/b>\";     correct[9]=76;\ninput[10]=\"<b style='color:chartreuse'>Sarah Palin<\/b>\";    correct[10]=76;\ninput[11]=\"<b style='color:chartreuse'>Dick Cheney<\/b>\";    correct[11]=76;\ninput[12]=\"<b style='color:chartreuse'>Donald Rumsfeld<\/b>\";correct[12]=76;\ninput[13]=\"<b style='color:chartreuse'>Ronald Reagan<\/b>\";  correct[13]=76;\ninput[14]=\"<b style='color:chartreuse'>Rudy Giuliani<\/b>\";  correct[14]=76;\ninput[15]=\"<b style='color:chartreuse'>Mitt Romney<\/b>\";    correct[15]=76;\n\ninput[16]=\"Horrible\";       correct[16]=65;\ninput[17]=\"Nasty\";          correct[17]=65;\ninput[18]=\"Awful\";          correct[18]=65;\ninput[19]=\"Terrible\";       correct[19]=65;\ninput[20]=\"Agony\";          correct[20]=65;\ninput[21]=\"Hurt\";           correct[21]=65;\ninput[22]=\"Evil\";           correct[22]=65;\ninput[23]=\"Failure\";        correct[23]=65;\n\ninput[24]=\"Happy\";         correct[24]=76;\ninput[25]=\"Beautiful\";     correct[25]=76;\ninput[26]=\"Laughter\";      correct[26]=76;\ninput[27]=\"Pleasure\";      correct[27]=76;\ninput[28]=\"Joy\";           correct[28]=76;\ninput[29]=\"Wonderful\";     correct[29]=76;\ninput[30]=\"Smile\";         correct[30]=76;\ninput[31]=\"Glorious\";      correct[31]=76;\n\nfunction start_it() {\n  if (c<32) {\n    var day = new Date(); trialstart = day.getTime();\n    document.getElementById(\"Message\").innerHTML = \"<br>\" + input[neworder[c]];\n  }\n  else {\n    clearInterval(t)\n    document.getElementById(\"Message\").innerHTML = \"<br>You may now proceed to the next section\";\n    document.getElementById(\"QR~QID14\").value = document.getElementById(\"QR~QID14\").value + \"END\";\n  }\n}\n\nfunction KeyCheck(e) {\n  var KeyID = (window.event) ? event.keyCode : e.keyCode;\n  if (c<32) {\n    d=neworder[c]; if (d<=9) {d=\"0\"+d;}\n    if(KeyID == 65)  {\n      var day = new Date(); trialend = day.getTime();\n      rt = trialend - trialstart;\n      if(correct[neworder[c]] == 65){\n       document.getElementById(\"QR~QID14\").value = document.getElementById(\"QR~QID14\").value + d + \"C\" + rt + \",\";\n        document.getElementById(\"Message\").innerHTML = \"<br>+\";\n        c=c+1;\n        t = setTimeout('start_it();',500);\n      }\n      else{\n       document.getElementById(\"QR~QID14\").value = document.getElementById(\"QR~QID14\").value + d + \"X\" + rt + \",\";\n        document.getElementById(\"Message\").innerHTML = \"<b style='color:red;font-size:80px'>X<\/b>\";\n        c=c+1;\n        t = setTimeout('document.getElementById(\"Message\").innerHTML = \"<br>+\";',500);\n        t = setTimeout('start_it();',700);\n      }\n        \n    }\n    \n    if(KeyID == 76)  {\n      var day = new Date(); trialend = day.getTime();\n      rt = trialend - trialstart;\n      if(correct[neworder[c]] == 76){\n       document.getElementById(\"QR~QID14\").value = document.getElementById(\"QR~QID14\").value + d + \"C\" + rt + \",\";\n        document.getElementById(\"Message\").innerHTML = \"<br>+\";\n        c=c+1;\n        t = setTimeout('start_it();',500);\n      }\n      else{\n       document.getElementById(\"QR~QID14\").value = document.getElementById(\"QR~QID14\").value + d + \"X\" + rt + \",\";\n        document.getElementById(\"Message\").innerHTML = \"<b style='color:red;font-size:80px'>X<\/b>\";\n        c=c+1;\n        t = setTimeout('document.getElementById(\"Message\").innerHTML = \"<br>+\";',500);\n        t = setTimeout('start_it();',700);\n      }\n        \n    }\n\n    if(KeyID == 32)  {\n      if (running == 0) {\n        document.getElementById('instructions').style.display = \"none\";\n        running = 1;\n              start_it();\n      }\n    }\n  }\n}\n\n<\/script>\n\n<center>\n\n<b style='color:chartreuse;font-size:30px'>Democrat &nbsp &nbsp &nbsp &nbsp &nbsp &nbsp &nbsp &nbsp &nbsp &nbsp &nbsp &nbsp &nbsp &nbsp &nbsp &nbsp &nbsp &nbsp &nbsp &nbsp Republican<\/b><br>\n<b style='font-size:20px'>or &nbsp &nbsp &nbsp &nbsp &nbsp &nbsp &nbsp &nbsp &nbsp &nbsp &nbsp &nbsp &nbsp &nbsp &nbsp &nbsp &nbsp &nbsp &nbsp &nbsp &nbsp &nbsp &nbsp &nbsp &nbsp &nbsp &nbsp &nbsp &nbsp &nbsp &nbsp &nbsp &nbsp &nbsp &nbsp &nbsp &nbsp &nbsp &nbsp &nbsp &nbsp &nbsp &nbsp &nbsp &nbsp &nbsp or<\/b><br>\n<b style='font-size:30px'>Bad Word &nbsp &nbsp &nbsp &nbsp &nbsp &nbsp &nbsp &nbsp &nbsp &nbsp &nbsp &nbsp &nbsp &nbsp &nbsp &nbsp &nbsp &nbsp &nbsp &nbsp &nbsp Good Word<\/b>\n\n<h2 id=\"Message\" style='font-size:30px'>+<\/h2><br>\n\n<p id=\"instructions\"> Repeat the same task that you just completed.<br><br> When you are ready, press the [Space] bar to begin. <br><br>\nPart 7 of 7<\/p><\/center>","QuestionJS":"Qualtrics.SurveyEngine.addOnload(function()\n{\n\/*Place Your Javascript Below This Line*\/\nvar InputId = $(\"QR~\"+this.questionId);\nInputId.style.display=\"none\";\n});","DefaultChoices":false,"DataExportTag":"Part_7","QuestionType":"TE","Selector":"SL","Configuration":{"QuestionDescriptionOption":"UseText"},"QuestionDescription":"shuffle = function(o){ \/\/v1.0\nfor(var j, x, i = o.length; i; j = parseInt(Math.random() * i), x = o[...","Choices":{"1":{"Display":"Click to write Choice 1"},"2":{"Display":"Click to write Choice 2"},"3":{"Display":"Click to write Choice 3"}},"ChoiceOrder":["1","2","3"],"Validation":{"Settings":{"ForceResponse":"OFF","ForceResponseType":"ON","Type":"None"}},"GradingData":[],"Language":[],"QuestionID":"QID14"}}]}
